
Microsoft Visual Studio Solution File, Format Version 12.00
# Visual Studio Version 17
VisualStudioVersion = 17.9.34622.214
MinimumVisualStudioVersion = 10.0.40219.1
Project("{FAE04EC0-301F-11D3-BF4B-00C04F79EFBC}") = "AndroidApp1", "AndroidApp1\AndroidApp1.csproj", "{42300352-E3A6-4173-BBB1-2365E7B802F0}"
EndProject
Global
	GlobalSection(SolutionConfigurationPlatforms) = preSolution
		Debug|Any CPU = Debug|Any CPU
		Release|Any CPU = Release|Any CPU
	EndGlobalSection
	GlobalSection(ProjectConfigurationPlatforms) = postSolution
		{42300352-E3A6-4173-BBB1-2365E7B802F0}.Debug|Any CPU.ActiveCfg = Debug|Any CPU
		{42300352-E3A6-4173-BBB1-2365E7B802F0}.Debug|Any CPU.Build.0 = Debug|Any CPU
		{42300352-E3A6-4173-BBB1-2365E7B802F0}.Debug|Any CPU.Deploy.0 = Debug|Any CPU
		{42300352-E3A6-4173-BBB1-2365E7B802F0}.Release|Any CPU.ActiveCfg = Release|Any CPU
		{42300352-E3A6-4173-BBB1-2365E7B802F0}.Release|Any CPU.Build.0 = Release|Any CPU
		{42300352-E3A6-4173-BBB1-2365E7B802F0}.Release|Any CPU.Deploy.0 = Release|Any CPU
	EndGlobalSection
	GlobalSection(SolutionProperties) = preSolution
		HideSolutionNode = FALSE
	EndGlobalSection
	GlobalSection(ExtensibilityGlobals) = postSolution
		SolutionGuid = {B8C5DB02-8BE6-4E3E-9311-3026CCCF855A}
	EndGlobalSection
EndGlobal
